
Microsoft Visual Studio Solution File, Format Version 12.00
# Visual Studio Version 17
VisualStudioVersion = 17.3.32819.101
MinimumVisualStudioVersion = 10.0.40219.1
Project("{FAE04EC0-301F-11D3-BF4B-00C04F79EFBC}") = "Azure App Service", "Azure App Service\Azure App Service.csproj", "{7AFB0B5B-02A9-4ED2-8FC7-9F9A59F9C461}"
EndProject
Global
	GlobalSection(SolutionConfigurationPlatforms) = preSolution
		Debug|Any CPU = Debug|Any CPU
		Release|Any CPU = Release|Any CPU
	EndGlobalSection
	GlobalSection(ProjectConfigurationPlatforms) = postSolution
		{7AFB0B5B-02A9-4ED2-8FC7-9F9A59F9C461}.Debug|Any CPU.ActiveCfg = Debug|Any CPU
		{7AFB0B5B-02A9-4ED2-8FC7-9F9A59F9C461}.Debug|Any CPU.Build.0 = Debug|Any CPU
		{7AFB0B5B-02A9-4ED2-8FC7-9F9A59F9C461}.Release|Any CPU.ActiveCfg = Release|Any CPU
		{7AFB0B5B-02A9-4ED2-8FC7-9F9A59F9C461}.Release|Any CPU.Build.0 = Release|Any CPU
	EndGlobalSection
	GlobalSection(SolutionProperties) = preSolution
		HideSolutionNode = FALSE
	EndGlobalSection
	GlobalSection(ExtensibilityGlobals) = postSolution
		SolutionGuid = {CD1233EB-AE6A-4612-8CDB-3A7E338389EF}
	EndGlobalSection
EndGlobal
